// !$*UTF8*$!
{
	archiveVersion = 1;
	classes = {
	};
	objectVersion = 50;
	objects = {

/* Begin PBXBuildFile section */
		5B8B92727F3279595413DF5D /* Pods_RedreshD.framework in Frameworks */ = {isa = PBXBuildFile; fileRef = 832A19BA3FCB9052522BF2A2 /* Pods_RedreshD.framework */; };
		78A07A4B212BF213002CD5BE /* AppDelegate.swift in Sources */ = {isa = PBXBuildFile; fileRef = 78A07A4A212BF213002CD5BE /* AppDelegate.swift */; };
		78A07A4D212BF213002CD5BE /* ViewController.swift in Sources */ = {isa = PBXBuildFile; fileRef = 78A07A4C212BF213002CD5BE /* ViewController.swift */; };
		78A07A50212BF213002CD5BE /* Main.storyboard in Resources */ = {isa = PBXBuildFile; fileRef = 78A07A4E212BF213002CD5BE /* Main.storyboard */; };
		78A07A52212BF215002CD5BE /* Assets.xcassets in Resources */ = {isa = PBXBuildFile; fileRef = 78A07A51212BF215002CD5BE /* Assets.xcassets */; };
		78A07A55212BF215002CD5BE /* LaunchScreen.storyboard in Resources */ = {isa = PBXBuildFile; fileRef = 78A07A53212BF215002CD5BE /* LaunchScreen.storyboard */; };
		78BB4CEC212CED910048B7AA /* BViewController.swift in Sources */ = {isa = PBXBuildFile; fileRef = 78BB4CEB212CED910048B7AA /* BViewController.swift */; };
		78FB6389212C06E8004E9A9F /* AViewController.swift in Sources */ = {isa = PBXBuildFile; fileRef = 78FB6388212C06E8004E9A9F /* AViewController.swift */; };
		78FB638B212C0B60004E9A9F /* BezierText.swift in Sources */ = {isa = PBXBuildFile; fileRef = 78FB638A212C0B60004E9A9F /* BezierText.swift */; };
/* End PBXBuildFile section */

/* Begin PBXFileReference section */
		537BC281266DFDEE8FC2A18C /* Pods-RedreshD.debug.xcconfig */ = {isa = PBXFileReference; includeInIndex = 1; lastKnownFileType = text.xcconfig; name = "Pods-RedreshD.debug.xcconfig"; path = "Pods/Target Support Files/Pods-RedreshD/Pods-RedreshD.debug.xcconfig"; sourceTree = "<group>"; };
		68AE594574F90634FCEB6D5E /* Pods-RedreshD.release.xcconfig */ = {isa = PBXFileReference; includeInIndex = 1; lastKnownFileType = text.xcconfig; name = "Pods-RedreshD.release.xcconfig"; path = "Pods/Target Support Files/Pods-RedreshD/Pods-RedreshD.release.xcconfig"; sourceTree = "<group>"; };
		78A07A47212BF213002CD5BE /* RedreshD.app */ = {isa = PBXFileReference; explicitFileType = wrapper.application; includeInIndex = 0; path = RedreshD.app; sourceTree = BUILT_PRODUCTS_DIR; };
		78A07A4A212BF213002CD5BE /* AppDelegate.swift */ = {isa = PBXFileReference; lastKnownFileType = sourcecode.swift; path = AppDelegate.swift; sourceTree = "<group>"; };
		78A07A4C212BF213002CD5BE /* ViewController.swift */ = {isa = PBXFileReference; lastKnownFileType = sourcecode.swift; path = ViewController.swift; sourceTree = "<group>"; };
		78A07A4F212BF213002CD5BE /* Base */ = {isa = PBXFileReference; lastKnownFileType = file.storyboard; name = Base; path = Base.lproj/Main.storyboard; sourceTree = "<group>"; };
		78A07A51212BF215002CD5BE /* Assets.xcassets */ = {isa = PBXFileReference; lastKnownFileType = folder.assetcatalog; path = Assets.xcassets; sourceTree = "<group>"; };
		78A07A54212BF215002CD5BE /* Base */ = {isa = PBXFileReference; lastKnownFileType = file.storyboard; name = Base; path = Base.lproj/LaunchScreen.storyboard; sourceTree = "<group>"; };
		78A07A56212BF215002CD5BE /* Info.plist */ = {isa = PBXFileReference; lastKnownFileType = text.plist.xml; path = Info.plist; sourceTree = "<group>"; };
		78BB4CEB212CED910048B7AA /* BViewController.swift */ = {isa = PBXFileReference; lastKnownFileType = sourcecode.swift; path = BViewController.swift; sourceTree = "<group>"; };
		78FB6388212C06E8004E9A9F /* AViewController.swift */ = {isa = PBXFileReference; lastKnownFileType = sourcecode.swift; path = AViewController.swift; sourceTree = "<group>"; };
		78FB638A212C0B60004E9A9F /* BezierText.swift */ = {isa = PBXFileReference; lastKnownFileType = sourcecode.swift; path = BezierText.swift; sourceTree = "<group>"; };
		832A19BA3FCB9052522BF2A2 /* Pods_RedreshD.framework */ = {isa = PBXFileReference; explicitFileType = wrapper.framework; includeInIndex = 0; path = Pods_RedreshD.framework; sourceTree = BUILT_PRODUCTS_DIR; };
/* End PBXFileReference section */

/* Begin PBXFrameworksBuildPhase section */
		78A07A44212BF213002CD5BE /* Frameworks */ = {
			isa = PBXFrameworksBuildPhase;
			buildActionMask = 2147483647;
			files = (
				5B8B92727F3279595413DF5D /* Pods_RedreshD.framework in Frameworks */,
			);
			runOnlyForDeploymentPostprocessing = 0;
		};
/* End PBXFrameworksBuildPhase section */

/* Begin PBXGroup section */
		1219A0D3573519A97E6AC546 /* Pods */ = {
			isa = PBXGroup;
			children = (
				537BC281266DFDEE8FC2A18C /* Pods-RedreshD.debug.xcconfig */,
				68AE594574F90634FCEB6D5E /* Pods-RedreshD.release.xcconfig */,
			);
			name = Pods;
			sourceTree = "<group>";
		};
		59B23CA5E2831FFD3029E32F /* Frameworks */ = {
			isa = PBXGroup;
			children = (
				832A19BA3FCB9052522BF2A2 /* Pods_RedreshD.framework */,
			);
			name = Frameworks;
			sourceTree = "<group>";
		};
		78A07A3E212BF213002CD5BE = {
			isa = PBXGroup;
			children = (
				78A07A49212BF213002CD5BE /* RedreshD */,
				78A07A48212BF213002CD5BE /* Products */,
				1219A0D3573519A97E6AC546 /* Pods */,
				59B23CA5E2831FFD3029E32F /* Frameworks */,
			);
			sourceTree = "<group>";
		};
		78A07A48212BF213002CD5BE /* Products */ = {
			isa = PBXGroup;
			children = (
				78A07A47212BF213002CD5BE /* RedreshD.app */,
			);
			name = Products;
			sourceTree = "<group>";
		};
		78A07A49212BF213002CD5BE /* RedreshD */ = {
			isa = PBXGroup;
			children = (
				78A07A4A212BF213002CD5BE /* AppDelegate.swift */,
				78A07A4C212BF213002CD5BE /* ViewController.swift */,
				78FB6388212C06E8004E9A9F /* AViewController.swift */,
				78BB4CEB212CED910048B7AA /* BViewController.swift */,
				78FB638C212C13CE004E9A9F /* Bezier */,
				78A07A4E212BF213002CD5BE /* Main.storyboard */,
				78A07A51212BF215002CD5BE /* Assets.xcassets */,
				78A07A53212BF215002CD5BE /* LaunchScreen.storyboard */,
				78A07A56212BF215002CD5BE /* Info.plist */,
			);
			path = RedreshD;
			sourceTree = "<group>";
		};
		78FB638C212C13CE004E9A9F /* Bezier */ = {
			isa = PBXGroup;
			children = (
				78FB638A212C0B60004E9A9F /* BezierText.swift */,
			);
			path = Bezier;
			sourceTree = "<group>";
		};
/* End PBXGroup section */

/* Begin PBXNativeTarget section */
		78A07A46212BF213002CD5BE /* RedreshD */ = {
			isa = PBXNativeTarget;
			buildConfigurationList = 78A07A59212BF215002CD5BE /* Build configuration list for PBXNativeTarget "RedreshD" */;
			buildPhases = (
				B93ADE75F26BD6FBEC90C7F0 /* [CP] Check Pods Manifest.lock */,
				78A07A43212BF213002CD5BE /* Sources */,
				78A07A44212BF213002CD5BE /* Frameworks */,
				78A07A45212BF213002CD5BE /* Resources */,
				0C0BD46FC79C22541EBE768D /* [CP] Embed Pods Frameworks */,
			);
			buildRules = (
			);
			dependencies = (
			);
			name = RedreshD;
			productName = RedreshD;
			productReference = 78A07A47212BF213002CD5BE /* RedreshD.app */;
			productType = "com.apple.product-type.application";
		};
/* End PBXNativeTarget section */

/* Begin PBXProject section */
		78A07A3F212BF213002CD5BE /* Project object */ = {
			isa = PBXProject;
			attributes = {
				LastSwiftUpdateCheck = 0940;
				LastUpgradeCheck = 0940;
				ORGANIZATIONNAME = idea;
				TargetAttributes = {
					78A07A46212BF213002CD5BE = {
						CreatedOnToolsVersion = 9.4.1;
					};
				};
			};
			buildConfigurationList = 78A07A42212BF213002CD5BE /* Build configuration list for PBXProject "RedreshD" */;
			compatibilityVersion = "Xcode 9.3";
			developmentRegion = en;
			hasScannedForEncodings = 0;
			knownRegions = (
				en,
				Base,
			);
			mainGroup = 78A07A3E212BF213002CD5BE;
			productRefGroup = 78A07A48212BF213002CD5BE /* Products */;
			projectDirPath = "";
			projectRoot = "";
			targets = (
				78A07A46212BF213002CD5BE /* RedreshD */,
			);
		};
/* End PBXProject section */

/* Begin PBXResourcesBuildPhase section */
		78A07A45212BF213002CD5BE /* Resources */ = {
			isa = PBXResourcesBuildPhase;
			buildActionMask = 2147483647;
			files = (
				78A07A55212BF215002CD5BE /* LaunchScreen.storyboard in Resources */,
				78A07A52212BF215002CD5BE /* Assets.xcassets in Resources */,
				78A07A50212BF213002CD5BE /* Main.storyboard in Resources */,
			);
			runOnlyForDeploymentPostprocessing = 0;
		};
/* End PBXResourcesBuildPhase section */

/* Begin PBXShellScriptBuildPhase section */
		0C0BD46FC79C22541EBE768D /* [CP] Embed Pods Frameworks */ = {
			isa = PBXShellScriptBuildPhase;
			buildActionMask = 2147483647;
			files = (
			);
			inputPaths = (
				"${SRCROOT}/Pods/Target Support Files/Pods-RedreshD/Pods-RedreshD-frameworks.sh",
				"${BUILT_PRODUCTS_DIR}/BFRefresh/BFRefresh.framework",
				"${BUILT_PRODUCTS_DIR}/Cupcake/Cupcake.framework",
				"${BUILT_PRODUCTS_DIR}/SnapKit/SnapKit.framework",
			);
			name = "[CP] Embed Pods Frameworks";
			outputPaths = (
				"${TARGET_BUILD_DIR}/${FRAMEWORKS_FOLDER_PATH}/BFRefresh.framework",
				"${TARGET_BUILD_DIR}/${FRAMEWORKS_FOLDER_PATH}/Cupcake.framework",
				"${TARGET_BUILD_DIR}/${FRAMEWORKS_FOLDER_PATH}/SnapKit.framework",
			);
			runOnlyForDeploymentPostprocessing = 0;
			shellPath = /bin/sh;
			shellScript = "\"${SRCROOT}/Pods/Target Support Files/Pods-RedreshD/Pods-RedreshD-frameworks.sh\"\n";
			showEnvVarsInLog = 0;
		};
		B93ADE75F26BD6FBEC90C7F0 /* [CP] Check Pods Manifest.lock */ = {
			isa = PBXShellScriptBuildPhase;
			buildActionMask = 2147483647;
			files = (
			);
			inputPaths = (
				"${PODS_PODFILE_DIR_PATH}/Podfile.lock",
				"${PODS_ROOT}/Manifest.lock",
			);
			name = "[CP] Check Pods Manifest.lock";
			outputPaths = (
				"$(DERIVED_FILE_DIR)/Pods-RedreshD-checkManifestLockResult.txt",
			);
			runOnlyForDeploymentPostprocessing = 0;
			shellPath = /bin/sh;
			shellScript = "diff \"${PODS_PODFILE_DIR_PATH}/Podfile.lock\" \"${PODS_ROOT}/Manifest.lock\" > /dev/null\nif [ $? != 0 ] ; then\n    # print error to STDERR\n    echo \"error: The sandbox is not in sync with the Podfile.lock. Run 'pod install' or update your CocoaPods installation.\" >&2\n    exit 1\nfi\n# This output is used by Xcode 'outputs' to avoid re-running this script phase.\necho \"SUCCESS\" > \"${SCRIPT_OUTPUT_FILE_0}\"\n";
			showEnvVarsInLog = 0;
		};
/* End PBXShellScriptBuildPhase section */

/* Begin PBXSourcesBuildPhase section */
		78A07A43212BF213002CD5BE /* Sources */ = {
			isa = PBXSourcesBuildPhase;
			buildActionMask = 2147483647;
			files = (
				78A07A4D212BF213002CD5BE /* ViewController.swift in Sources */,
				78FB638B212C0B60004E9A9F /* BezierText.swift in Sources */,
				78FB6389212C06E8004E9A9F /* AViewController.swift in Sources */,
				78BB4CEC212CED910048B7AA /* BViewController.swift in Sources */,
				78A07A4B212BF213002CD5BE /* AppDelegate.swift in Sources */,
			);
			runOnlyForDeploymentPostprocessing = 0;
		};
/* End PBXSourcesBuildPhase section */

/* Begin PBXVariantGroup section */
		78A07A4E212BF213002CD5BE /* Main.storyboard */ = {
			isa = PBXVariantGroup;
			children = (
				78A07A4F212BF213002CD5BE /* Base */,
			);
			name = Main.storyboard;
			sourceTree = "<group>";
		};
		78A07A53212BF215002CD5BE /* LaunchScreen.storyboard */ = {
			isa = PBXVariantGroup;
			children = (
				78A07A54212BF215002CD5BE /* Base */,
			);
			name = LaunchScreen.storyboard;
			sourceTree = "<group>";
		};
/* End PBXVariantGroup section */

/* Begin XCBuildConfiguration section */
		78A07A57212BF215002CD5BE /* Debug */ = {
			isa = XCBuildConfiguration;
			buildSettings = {
				ALWAYS_SEARCH_USER_PATHS = NO;
				CLANG_ANALYZER_NONNULL = YES;
				CLANG_ANALYZER_NUMBER_OBJECT_CONVERSION = YES_AGGRESSIVE;
				CLANG_CXX_LANGUAGE_STANDARD = "gnu++14";
				CLANG_CXX_LIBRARY = "libc++";
				CLANG_ENABLE_MODULES = YES;
				CLANG_ENABLE_OBJC_ARC = YES;
				CLANG_ENABLE_OBJC_WEAK = YES;
				CLANG_WARN_BLOCK_CAPTURE_AUTORELEASING = YES;
				CLANG_WARN_BOOL_CONVERSION = YES;
				CLANG_WARN_COMMA = YES;
				CLANG_WARN_CONSTANT_CONVERSION = YES;
				CLANG_WARN_DEPRECATED_OBJC_IMPLEMENTATIONS = YES;
				CLANG_WARN_DIRECT_OBJC_ISA_USAGE = YES_ERROR;
				CLANG_WARN_DOCUMENTATION_COMMENTS = YES;
				CLANG_WARN_EMPTY_BODY = YES;
				CLANG_WARN_ENUM_CONVERSION = YES;
				CLANG_WARN_INFINITE_RECURSION = YES;
				CLANG_WARN_INT_CONVERSION = YES;
				CLANG_WARN_NON_LITERAL_NULL_CONVERSION = YES;
				CLANG_WARN_OBJC_IMPLICIT_RETAIN_SELF = YES;
				CLANG_WARN_OBJC_LITERAL_CONVERSION = YES;
				CLANG_WARN_OBJC_ROOT_CLASS = YES_ERROR;
				CLANG_WARN_RANGE_LOOP_ANALYSIS = YES;
				CLANG_WARN_STRICT_PROTOTYPES = YES;
				CLANG_WARN_SUSPICIOUS_MOVE = YES;
				CLANG_WARN_UNGUARDED_AVAILABILITY = YES_AGGRESSIVE;
				CLANG_WARN_UNREACHABLE_CODE = YES;
				CLANG_WARN__DUPLICATE_METHOD_MATCH = YES;
				CODE_SIGN_IDENTITY = "iPhone Developer";
				COPY_PHASE_STRIP = NO;
				DEBUG_INFORMATION_FORMAT = dwarf;
				ENABLE_STRICT_OBJC_MSGSEND = YES;
				ENABLE_TESTABILITY = YES;
				GCC_C_LANGUAGE_STANDARD = gnu11;
				GCC_DYNAMIC_NO_PIC = NO;
				GCC_NO_COMMON_BLOCKS = YES;
				GCC_OPTIMIZATION_LEVEL = 0;
				GCC_PREPROCESSOR_DEFINITIONS = (
					"DEBUG=1",
					"$(inherited)",
				);
				GCC_WARN_64_TO_32_BIT_CONVERSION = YES;
				GCC_WARN_ABOUT_RETURN_TYPE = YES_ERROR;
				GCC_WARN_UNDECLARED_SELECTOR = YES;
				GCC_WARN_UNINITIALIZED_AUTOS = YES_AGGRESSIVE;
				GCC_WARN_UNUSED_FUNCTION = YES;
				GCC_WARN_UNUSED_VARIABLE = YES;
				IPHONEOS_DEPLOYMENT_TARGET = 11.4;
				MTL_ENABLE_DEBUG_INFO = YES;
				ONLY_ACTIVE_ARCH = YES;
				SDKROOT = iphoneos;
				SWIFT_ACTIVE_COMPILATION_CONDITIONS = DEBUG;
				SWIFT_OPTIMIZATION_LEVEL = "-Onone";
			};
			name = Debug;
		};
		78A07A58212BF215002CD5BE /* Release */ = {
			isa = XCBuildConfiguration;
			buildSettings = {
				ALWAYS_SEARCH_USER_PATHS = NO;
				CLANG_ANALYZER_NONNULL = YES;
				CLANG_ANALYZER_NUMBER_OBJECT_CONVERSION = YES_AGGRESSIVE;
				CLANG_CXX_LANGUAGE_STANDARD = "gnu++14";
				CLANG_CXX_LIBRARY = "libc++";
				CLANG_ENABLE_MODULES = YES;
				CLANG_ENABLE_OBJC_ARC = YES;
				CLANG_ENABLE_OBJC_WEAK = YES;
				CLANG_WARN_BLOCK_CAPTURE_AUTORELEASING = YES;
				CLANG_WARN_BOOL_CONVERSION = YES;
				CLANG_WARN_COMMA = YES;
				CLANG_WARN_CONSTANT_CONVERSION = YES;
				CLANG_WARN_DEPRECATED_OBJC_IMPLEMENTATIONS = YES;
				CLANG_WARN_DIRECT_OBJC_ISA_USAGE = YES_ERROR;
				CLANG_WARN_DOCUMENTATION_COMMENTS = YES;
				CLANG_WARN_EMPTY_BODY = YES;
				CLANG_WARN_ENUM_CONVERSION = YES;
				CLANG_WARN_INFINITE_RECURSION = YES;
				CLANG_WARN_INT_CONVERSION = YES;
				CLANG_WARN_NON_LITERAL_NULL_CONVERSION = YES;
				CLANG_WARN_OBJC_IMPLICIT_RETAIN_SELF = YES;
				CLANG_WARN_OBJC_LITERAL_CONVERSION = YES;
				CLANG_WARN_OBJC_ROOT_CLASS = YES_ERROR;
				CLANG_WARN_RANGE_LOOP_ANALYSIS = YES;
				CLANG_WARN_STRICT_PROTOTYPES = YES;
				CLANG_WARN_SUSPICIOUS_MOVE = YES;
				CLANG_WARN_UNGUARDED_AVAILABILITY = YES_AGGRESSIVE;
				CLANG_WARN_UNREACHABLE_CODE = YES;
				CLANG_WARN__DUPLICATE_METHOD_MATCH = YES;
				CODE_SIGN_IDENTITY = "iPhone Developer";
				COPY_PHASE_STRIP = NO;
				DEBUG_INFORMATION_FORMAT = "dwarf-with-dsym";
				ENABLE_NS_ASSERTIONS = NO;
				ENABLE_STRICT_OBJC_MSGSEND = YES;
				GCC_C_LANGUAGE_STANDARD = gnu11;
				GCC_NO_COMMON_BLOCKS = YES;
				GCC_WARN_64_TO_32_BIT_CONVERSION = YES;
				GCC_WARN_ABOUT_RETURN_TYPE = YES_ERROR;
				GCC_WARN_UNDECLARED_SELECTOR = YES;
				GCC_WARN_UNINITIALIZED_AUTOS = YES_AGGRESSIVE;
				GCC_WARN_UNUSED_FUNCTION = YES;
				GCC_WARN_UNUSED_VARIABLE = YES;
				IPHONEOS_DEPLOYMENT_TARGET = 11.4;
				MTL_ENABLE_DEBUG_INFO = NO;
				SDKROOT = iphoneos;
				SWIFT_COMPILATION_MODE = wholemodule;
				SWIFT_OPTIMIZATION_LEVEL = "-O";
				VALIDATE_PRODUCT = YES;
			};
			name = Release;
		};
		78A07A5A212BF215002CD5BE /* Debug */ = {
			isa = XCBuildConfiguration;
			baseConfigurationReference = 537BC281266DFDEE8FC2A18C /* Pods-RedreshD.debug.xcconfig */;
			buildSettings = {
				ASSETCATALOG_COMPILER_APPICON_NAME = AppIcon;
				CODE_SIGN_STYLE = Automatic;
				INFOPLIST_FILE = RedreshD/Info.plist;
				LD_RUNPATH_SEARCH_PATHS = (
					"$(inherited)",
					"@executable_path/Frameworks",
				);
				PRODUCT_BUNDLE_IDENTIFIER = com.youlu.RedreshD;
				PRODUCT_NAME = "$(TARGET_NAME)";
				SWIFT_VERSION = 4.0;
				TARGETED_DEVICE_FAMILY = "1,2";
			};
			name = Debug;
		};
		78A07A5B212BF215002CD5BE /* Release */ = {
			isa = XCBuildConfiguration;
			baseConfigurationReference = 68AE594574F90634FCEB6D5E /* Pods-RedreshD.release.xcconfig */;
			buildSettings = {
				ASSETCATALOG_COMPILER_APPICON_NAME = AppIcon;
				CODE_SIGN_STYLE = Automatic;
				INFOPLIST_FILE = RedreshD/Info.plist;
				LD_RUNPATH_SEARCH_PATHS = (
					"$(inherited)",
					"@executable_path/Frameworks",
				);
				PRODUCT_BUNDLE_IDENTIFIER = com.youlu.RedreshD;
				PRODUCT_NAME = "$(TARGET_NAME)";
				SWIFT_VERSION = 4.0;
				TARGETED_DEVICE_FAMILY = "1,2";
			};
			name = Release;
		};
/* End XCBuildConfiguration section */

/* Begin XCConfigurationList section */
		78A07A42212BF213002CD5BE /* Build configuration list for PBXProject "RedreshD" */ = {
			isa = XCConfigurationList;
			buildConfigurations = (
				78A07A57212BF215002CD5BE /* Debug */,
				78A07A58212BF215002CD5BE /* Release */,
			);
			defaultConfigurationIsVisible = 0;
			defaultConfigurationName = Release;
		};
		78A07A59212BF215002CD5BE /* Build configuration list for PBXNativeTarget "RedreshD" */ = {
			isa = XCConfigurationList;
			buildConfigurations = (
				78A07A5A212BF215002CD5BE /* Debug */,
				78A07A5B212BF215002CD5BE /* Release */,
			);
			defaultConfigurationIsVisible = 0;
			defaultConfigurationName = Release;
		};
/* End XCConfigurationList section */
	};
	rootObject = 78A07A3F212BF213002CD5BE /* Project object */;
}
